{
  "nodes": {
    "flake-utils": {
      "inputs": {
        "systems": "systems"
      },
      "locked": {
        "lastModified": 1687709756,
        "narHash": "sha256-Y5wKlQSkgEK2weWdOu4J3riRd+kV/VCgHsqLNTTWQ/0=",
        "owner": "numtide",
        "repo": "flake-utils",
        "rev": "dbabf0ca0c0c4bce6ea5eaf65af5cb694d2082c7",
        "type": "github"
      },
      "original": {
        "owner": "numtide",
        "repo": "flake-utils",
        "type": "github"
      }
    },
    "nixpkgs": {
      "locked": {
        "lastModified": 1688465017,
        "narHash": "sha256-xzFcCnzPOgQaX7Acprfqo+tqHJ2UKWC38pXrcqvdXHU=",
        "owner": "NixOS",
        "repo": "nixpkgs",
        "rev": "0d5682acc109add20f70440269587a1b169cc2fe",
        "type": "github"
      },
      "original": {
        "id": "nixpkgs",
        "type": "indirect"
      }
    },
    "root": {
      "inputs": {
        "flake-utils": "flake-utils",
        "nixpkgs": "nixpkgs",
        "tools": "tools"
      }
    },
    "systems": {
      "locked": {
        "lastModified": 1681028828,
        "narHash": "sha256-Vy1rq5AaRuLzOxct8nz4T6wlgyUR7zLU309k9mBC768=",
        "owner": "nix-systems",
        "repo": "default",
        "rev": "da67096a3b9bf56a91d16901293e51ba5b49a27e",
        "type": "github"
      },
      "original": {
        "owner": "nix-systems",
        "repo": "default",
        "type": "github"
      }
    },
    "tools": {
      "flake": false,
      "locked": {
        "lastModified": 1687273483,
        "narHash": "sha256-41X9PWXGM7lFzPiIj4dw3i8bgMvpT85iYHSeyIxPJcc=",
        "owner": "urbit",
        "repo": "tools",
        "rev": "2ad116fdb539e4116dc18d86772a241415cc1ef4",
        "type": "github"
      },
      "original": {
        "owner": "urbit",
        "repo": "tools",
        "type": "github"
      }
    }
  },
  "root": "root",
  "version": 7
}
