{
  "nodes": {
    "blank": {
      "locked": {
        "lastModified": 1625557891,
        "narHash": "sha256-O8/MWsPBGhhyPoPLHZAuoZiiHo9q6FLlEeIDEXuj6T4=",
        "owner": "divnix",
        "repo": "blank",
        "rev": "5a5d2684073d9f563072ed07c871d577a6c614a8",
        "type": "github"
      },
      "original": {
        "owner": "divnix",
        "repo": "blank",
        "type": "github"
      }
    },
    "devshell": {
      "inputs": {
        "flake-utils": [
          "std",
          "flake-utils"
        ],
        "nixpkgs": [
          "std",
          "nixpkgs"
        ]
      },
      "locked": {
        "lastModified": 1663445644,
        "narHash": "sha256-+xVlcK60x7VY1vRJbNUEAHi17ZuoQxAIH4S4iUFUGBA=",
        "owner": "numtide",
        "repo": "devshell",
        "rev": "e3dc3e21594fe07bdb24bdf1c8657acaa4cb8f66",
        "type": "github"
      },
      "original": {
        "owner": "numtide",
        "repo": "devshell",
        "type": "github"
      }
    },
    "dmerge": {
      "inputs": {
        "nixlib": [
          "std",
          "nixpkgs"
        ],
        "yants": [
          "std",
          "yants"
        ]
      },
      "locked": {
        "lastModified": 1659548052,
        "narHash": "sha256-fzI2gp1skGA8mQo/FBFrUAtY0GQkAIAaV/V127TJPyY=",
        "owner": "divnix",
        "repo": "data-merge",
        "rev": "d160d18ce7b1a45b88344aa3f13ed1163954b497",
        "type": "github"
      },
      "original": {
        "owner": "divnix",
        "repo": "data-merge",
        "type": "github"
      }
    },
    "flake-utils": {
      "locked": {
        "lastModified": 1659877975,
        "narHash": "sha256-zllb8aq3YO3h8B/U0/J1WBgAL8EX5yWf5pMj3G0NAmc=",
        "owner": "numtide",
        "repo": "flake-utils",
        "rev": "c0e246b9b83f637f4681389ecabcb2681b4f3af0",
        "type": "github"
      },
      "original": {
        "owner": "numtide",
        "repo": "flake-utils",
        "type": "github"
      }
    },
    "incl": {
      "inputs": {
        "nixlib": [
          "std",
          "nixpkgs"
        ]
      },
      "locked": {
        "lastModified": 1669263024,
        "narHash": "sha256-E/+23NKtxAqYG/0ydYgxlgarKnxmDbg6rCMWnOBqn9Q=",
        "owner": "divnix",
        "repo": "incl",
        "rev": "ce7bebaee048e4cd7ebdb4cee7885e00c4e2abca",
        "type": "github"
      },
      "original": {
        "owner": "divnix",
        "repo": "incl",
        "type": "github"
      }
    },
    "n2c": {
      "inputs": {
        "flake-utils": [
          "std",
          "flake-utils"
        ],
        "nixpkgs": [
          "std",
          "nixpkgs"
        ]
      },
      "locked": {
        "lastModified": 1665039323,
        "narHash": "sha256-SAh3ZjFGsaCI8FRzXQyp56qcGdAqgKEfJWPCQ0Sr7tQ=",
        "owner": "nlewo",
        "repo": "nix2container",
        "rev": "b008fe329ffb59b67bf9e7b08ede6ee792f2741a",
        "type": "github"
      },
      "original": {
        "owner": "nlewo",
        "repo": "nix2container",
        "type": "github"
      }
    },
    "nixago": {
      "inputs": {
        "flake-utils": [
          "std",
          "flake-utils"
        ],
        "nixago-exts": [
          "std",
          "blank"
        ],
        "nixpkgs": [
          "std",
          "nixpkgs"
        ]
      },
      "locked": {
        "lastModified": 1661824785,
        "narHash": "sha256-/PnwdWoO/JugJZHtDUioQp3uRiWeXHUdgvoyNbXesz8=",
        "owner": "nix-community",
        "repo": "nixago",
        "rev": "8c1f9e5f1578d4b2ea989f618588d62a335083c3",
        "type": "github"
      },
      "original": {
        "owner": "nix-community",
        "repo": "nixago",
        "type": "github"
      }
    },
    "nixpkgs": {
      "locked": {
        "lastModified": 1648919431,
        "narHash": "sha256-tyLmqpvaRXtpvIAYhMcCoM+Sd9Rb2b3knKvxe1uIitA=",
        "owner": "NixOS",
        "repo": "nixpkgs",
        "rev": "376d67e1cd05d5ac8a64a3f47f17b80fb6394792",
        "type": "github"
      },
      "original": {
        "owner": "NixOS",
        "repo": "nixpkgs",
        "rev": "376d67e1cd05d5ac8a64a3f47f17b80fb6394792",
        "type": "github"
      }
    },
    "nosys": {
      "locked": {
        "lastModified": 1667881534,
        "narHash": "sha256-FhwJ15uPLRsvaxtt/bNuqE/ykMpNAPF0upozFKhTtXM=",
        "owner": "divnix",
        "repo": "nosys",
        "rev": "2d0d5207f6a230e9d0f660903f8db9807b54814f",
        "type": "github"
      },
      "original": {
        "owner": "divnix",
        "repo": "nosys",
        "type": "github"
      }
    },
    "root": {
      "inputs": {
        "nixpkgs": "nixpkgs",
        "std": "std"
      }
    },
    "std": {
      "inputs": {
        "arion": [
          "std",
          "blank"
        ],
        "blank": "blank",
        "devshell": "devshell",
        "dmerge": "dmerge",
        "flake-utils": "flake-utils",
        "incl": "incl",
        "makes": [
          "std",
          "blank"
        ],
        "microvm": [
          "std",
          "blank"
        ],
        "n2c": "n2c",
        "nixago": "nixago",
        "nixpkgs": [
          "nixpkgs"
        ],
        "nosys": "nosys",
        "yants": "yants"
      },
      "locked": {
        "lastModified": 1671833141,
        "narHash": "sha256-9v2y129nOrB5Hh/OgU32hHe7mbc3lqORDDnmeORlY5w=",
        "owner": "divnix",
        "repo": "std",
        "rev": "5384b5eec8780cbb1823b70d64b51449f65541b7",
        "type": "github"
      },
      "original": {
        "owner": "divnix",
        "repo": "std",
        "type": "github"
      }
    },
    "yants": {
      "inputs": {
        "nixpkgs": [
          "std",
          "nixpkgs"
        ]
      },
      "locked": {
        "lastModified": 1667096281,
        "narHash": "sha256-wRRec6ze0gJHmGn6m57/zhz/Kdvp9HS4Nl5fkQ+uIuA=",
        "owner": "divnix",
        "repo": "yants",
        "rev": "d18f356ec25cb94dc9c275870c3a7927a10f8c3c",
        "type": "github"
      },
      "original": {
        "owner": "divnix",
        "repo": "yants",
        "type": "github"
      }
    }
  },
  "root": "root",
  "version": 7
}
