{
  "name": "arvo-tests",
  "version": "1.0.0",
  "lockfileVersion": 1,
  "requires": true,
  "dependencies": {
    "bluebird": {
      "version": "2.11.0",
      "resolved": "https://registry.npmjs.org/bluebird/-/bluebird-2.11.0.tgz",
      "integrity": "sha1-U0uQM8AiyVecVro7Plpcqvu2UOE="
    },
    "colors": {
      "version": "1.1.2",
      "resolved": "https://registry.npmjs.org/colors/-/colors-1.1.2.tgz",
      "integrity": "sha1-FopHAXVran9RoSzgyXv6KMCE7WM="
    },
    "escape-string-regexp": {
      "version": "1.0.5",
      "resolved": "https://registry.npmjs.org/escape-string-regexp/-/escape-string-regexp-1.0.5.tgz",
      "integrity": "sha1-G2HAViGQqN/2rjuyzwIAyhMLhtQ="
    },
    "livescript": {
      "version": "1.5.0",
      "resolved": "https://registry.npmjs.org/livescript/-/livescript-1.5.0.tgz",
      "integrity": "sha1-T+cSHEEhfkYI4zTrnL4XYuY+VWY=",
      "requires": {
        "optionator": "0.8.2",
        "prelude-ls": "1.1.2",
        "source-map": "0.5.7"
      },
      "dependencies": {
        "deep-is": {
          "version": "0.1.3",
          "resolved": "https://registry.npmjs.org/deep-is/-/deep-is-0.1.3.tgz",
          "integrity": "sha1-s2nW+128E+7PUk+RsHD+7cNXzzQ="
        },
        "fast-levenshtein": {
          "version": "2.0.6",
          "resolved": "https://registry.npmjs.org/fast-levenshtein/-/fast-levenshtein-2.0.6.tgz",
          "integrity": "sha1-PYpcZog6FqMMqGQ+hR8Zuqd5eRc="
        },
        "levn": {
          "version": "0.3.0",
          "resolved": "https://registry.npmjs.org/levn/-/levn-0.3.0.tgz",
          "integrity": "sha1-OwmSTt+fCDwEkP3UwLxEIeBHZO4=",
          "requires": {
            "prelude-ls": "1.1.2",
            "type-check": "0.3.2"
          }
        },
        "optionator": {
          "version": "0.8.2",
          "resolved": "https://registry.npmjs.org/optionator/-/optionator-0.8.2.tgz",
          "integrity": "sha1-NkxeQJ0/TWMB1sC0wFu6UBgK62Q=",
          "requires": {
            "deep-is": "0.1.3",
            "fast-levenshtein": "2.0.6",
            "levn": "0.3.0",
            "prelude-ls": "1.1.2",
            "type-check": "0.3.2",
            "wordwrap": "1.0.0"
          }
        },
        "prelude-ls": {
          "version": "1.1.2",
          "resolved": "https://registry.npmjs.org/prelude-ls/-/prelude-ls-1.1.2.tgz",
          "integrity": "sha1-IZMqVJ9eUv/ZqCf1cOBL5iqX2lQ="
        },
        "source-map": {
          "version": "0.5.7",
          "resolved": "https://registry.npmjs.org/source-map/-/source-map-0.5.7.tgz",
          "integrity": "sha1-igOdLRAh0i0eoUyA2OpGi6LvP8w="
        },
        "type-check": {
          "version": "0.3.2",
          "resolved": "https://registry.npmjs.org/type-check/-/type-check-0.3.2.tgz",
          "integrity": "sha1-WITKtRLPHTVeP7eE8wgEsrUg23I=",
          "requires": {
            "prelude-ls": "1.1.2"
          }
        },
        "wordwrap": {
          "version": "1.0.0",
          "resolved": "https://registry.npmjs.org/wordwrap/-/wordwrap-1.0.0.tgz",
          "integrity": "sha1-J1hIEIkUVqQXHI0CJkQa3pDLyus="
        }
      }
    },
    "once": {
      "version": "1.4.0",
      "resolved": "https://registry.npmjs.org/once/-/once-1.4.0.tgz",
      "integrity": "sha1-WDsap3WWHUsROsF9nFC6753Xa9E=",
      "requires": {
        "wrappy": "https://registry.npmjs.org/wrappy/-/wrappy-1.0.2.tgz"
      }
    },
    "promise-streams": {
      "version": "2.1.1",
      "resolved": "https://registry.npmjs.org/promise-streams/-/promise-streams-2.1.1.tgz",
      "integrity": "sha1-cwnx02mDMOp/rasZIvE5iSKayFo=",
      "requires": {
        "bluebird": "2.11.0"
      }
    },
    "pty.js": {
      "version": "0.3.1",
      "resolved": "https://registry.npmjs.org/pty.js/-/pty.js-0.3.1.tgz",
      "integrity": "sha1-gfW+0zLW5eeraFaI0boDc0ENUbU=",
      "requires": {
        "extend": "1.2.1",
        "nan": "2.3.5"
      },
      "dependencies": {
        "extend": {
          "version": "1.2.1",
          "resolved": "https://registry.npmjs.org/extend/-/extend-1.2.1.tgz",
          "integrity": "sha1-oPX9bPyDpf5J72mNYOyKYk3UV2w="
        },
        "nan": {
          "version": "2.3.5",
          "resolved": "https://registry.npmjs.org/nan/-/nan-2.3.5.tgz",
          "integrity": "sha1-gioNwmYpDOTNOhIoLKPn42Rmigg="
        }
      }
    },
    "recursive-copy": {
      "version": "2.0.9",
      "resolved": "https://registry.npmjs.org/recursive-copy/-/recursive-copy-2.0.9.tgz",
      "integrity": "sha512-0AkHV+QtfS/1jW01z3m2t/TRTW56Fpc+xYbsoa/bqn8BCYPwmsaNjlYmUU/dyGg9w8MmGoUWihU5W+s+qjxvBQ==",
      "requires": {
        "del": "2.2.2",
        "emitter-mixin": "0.0.3",
        "errno": "0.1.7",
        "graceful-fs": "4.1.11",
        "junk": "1.0.3",
        "maximatch": "0.1.0",
        "mkdirp": "0.5.1",
        "pify": "2.3.0",
        "promise": "7.3.1",
        "slash": "1.0.0"
      },
      "dependencies": {
        "array-differ": {
          "version": "1.0.0",
          "resolved": "https://registry.npmjs.org/array-differ/-/array-differ-1.0.0.tgz",
          "integrity": "sha1-7/UuN1gknTO+QCuLuOVkuytdQDE="
        },
        "array-union": {
          "version": "1.0.2",
          "resolved": "https://registry.npmjs.org/array-union/-/array-union-1.0.2.tgz",
          "integrity": "sha1-mjRBDk9OPaI96jdb5b5w8kd47Dk=",
          "requires": {
            "array-uniq": "1.0.3"
          }
        },
        "array-uniq": {
          "version": "1.0.3",
          "resolved": "https://registry.npmjs.org/array-uniq/-/array-uniq-1.0.3.tgz",
          "integrity": "sha1-r2rId6Jcx/dOBYiUdThY39sk/bY="
        },
        "arrify": {
          "version": "1.0.1",
          "resolved": "https://registry.npmjs.org/arrify/-/arrify-1.0.1.tgz",
          "integrity": "sha1-iYUI2iIm84DfkEcoRWhJwVAaSw0="
        },
        "asap": {
          "version": "2.0.6",
          "resolved": "https://registry.npmjs.org/asap/-/asap-2.0.6.tgz",
          "integrity": "sha1-5QNHYR1+aQlDIIu9r+vLwvuGbUY="
        },
        "balanced-match": {
          "version": "1.0.0",
          "resolved": "https://registry.npmjs.org/balanced-match/-/balanced-match-1.0.0.tgz",
          "integrity": "sha1-ibTRmasr7kneFk6gK4nORi1xt2c="
        },
        "brace-expansion": {
          "version": "1.1.11",
          "resolved": "https://registry.npmjs.org/brace-expansion/-/brace-expansion-1.1.11.tgz",
          "integrity": "sha512-iCuPHDFgrHX7H2vEI/5xpz07zSHB00TpugqhmYtVmMO6518mCuRMoOYFldEBl0g187ufozdaHgWKcYFb61qGiA==",
          "requires": {
            "balanced-match": "1.0.0",
            "concat-map": "0.0.1"
          }
        },
        "concat-map": {
          "version": "0.0.1",
          "resolved": "https://registry.npmjs.org/concat-map/-/concat-map-0.0.1.tgz",
          "integrity": "sha1-2Klr13/Wjfd5OnMDajug1UBdR3s="
        },
        "del": {
          "version": "2.2.2",
          "resolved": "https://registry.npmjs.org/del/-/del-2.2.2.tgz",
          "integrity": "sha1-wSyYHQZ4RshLyvhiz/kw2Qf/0ag=",
          "requires": {
            "globby": "5.0.0",
            "is-path-cwd": "1.0.0",
            "is-path-in-cwd": "1.0.0",
            "object-assign": "4.1.1",
            "pify": "2.3.0",
            "pinkie-promise": "2.0.1",
            "rimraf": "2.6.2"
          }
        },
        "emitter-mixin": {
          "version": "0.0.3",
          "resolved": "https://registry.npmjs.org/emitter-mixin/-/emitter-mixin-0.0.3.tgz",
          "integrity": "sha1-WUjLKG8uSO3DslGnz8H3iDOW1lw="
        },
        "errno": {
          "version": "0.1.7",
          "resolved": "https://registry.npmjs.org/errno/-/errno-0.1.7.tgz",
          "integrity": "sha512-MfrRBDWzIWifgq6tJj60gkAwtLNb6sQPlcFrSOflcP1aFmmruKQ2wRnze/8V6kgyz7H3FF8Npzv78mZ7XLLflg==",
          "requires": {
            "prr": "1.0.1"
          }
        },
        "fs.realpath": {
          "version": "1.0.0",
          "resolved": "https://registry.npmjs.org/fs.realpath/-/fs.realpath-1.0.0.tgz",
          "integrity": "sha1-FQStJSMVjKpA20onh8sBQRmU6k8="
        },
        "glob": {
          "version": "7.1.2",
          "resolved": "https://registry.npmjs.org/glob/-/glob-7.1.2.tgz",
          "integrity": "sha512-MJTUg1kjuLeQCJ+ccE4Vpa6kKVXkPYJ2mOCQyUuKLcLQsdrMCpBPUi8qVE6+YuaJkozeA9NusTAw3hLr8Xe5EQ==",
          "requires": {
            "fs.realpath": "1.0.0",
            "inflight": "1.0.6",
            "inherits": "2.0.3",
            "minimatch": "3.0.4",
            "once": "1.4.0",
            "path-is-absolute": "1.0.1"
          }
        },
        "globby": {
          "version": "5.0.0",
          "resolved": "https://registry.npmjs.org/globby/-/globby-5.0.0.tgz",
          "integrity": "sha1-69hGZ8oNuzMLmbz8aOrCvFQ3Dg0=",
          "requires": {
            "array-union": "1.0.2",
            "arrify": "1.0.1",
            "glob": "7.1.2",
            "object-assign": "4.1.1",
            "pify": "2.3.0",
            "pinkie-promise": "2.0.1"
          }
        },
        "graceful-fs": {
          "version": "4.1.11",
          "resolved": "https://registry.npmjs.org/graceful-fs/-/graceful-fs-4.1.11.tgz",
          "integrity": "sha1-Dovf5NHduIVNZOBOp8AOKgJuVlg="
        },
        "inflight": {
          "version": "1.0.6",
          "resolved": "https://registry.npmjs.org/inflight/-/inflight-1.0.6.tgz",
          "integrity": "sha1-Sb1jMdfQLQwJvJEKEHW6gWW1bfk=",
          "requires": {
            "once": "1.4.0",
            "wrappy": "1.0.2"
          }
        },
        "inherits": {
          "version": "2.0.3",
          "resolved": "https://registry.npmjs.org/inherits/-/inherits-2.0.3.tgz",
          "integrity": "sha1-Yzwsg+PaQqUC9SRmAiSA9CCCYd4="
        },
        "is-path-cwd": {
          "version": "1.0.0",
          "resolved": "https://registry.npmjs.org/is-path-cwd/-/is-path-cwd-1.0.0.tgz",
          "integrity": "sha1-0iXsIxMuie3Tj9p2dHLmLmXxEG0="
        },
        "is-path-in-cwd": {
          "version": "1.0.0",
          "resolved": "https://registry.npmjs.org/is-path-in-cwd/-/is-path-in-cwd-1.0.0.tgz",
          "integrity": "sha1-ZHdYK4IU1gI0YJRWcAO+ip6sBNw=",
          "requires": {
            "is-path-inside": "1.0.1"
          }
        },
        "is-path-inside": {
          "version": "1.0.1",
          "resolved": "https://registry.npmjs.org/is-path-inside/-/is-path-inside-1.0.1.tgz",
          "integrity": "sha1-jvW33lBDej/cprToZe96pVy0gDY=",
          "requires": {
            "path-is-inside": "1.0.2"
          }
        },
        "junk": {
          "version": "1.0.3",
          "resolved": "https://registry.npmjs.org/junk/-/junk-1.0.3.tgz",
          "integrity": "sha1-h75jSIZJy9ym9Tqzm+yczSNH9ZI="
        },
        "maximatch": {
          "version": "0.1.0",
          "resolved": "https://registry.npmjs.org/maximatch/-/maximatch-0.1.0.tgz",
          "integrity": "sha1-hs2NawTJ8wfAWmuUGZBtA2D7E6I=",
          "requires": {
            "array-differ": "1.0.0",
            "array-union": "1.0.2",
            "arrify": "1.0.1",
            "minimatch": "3.0.4"
          }
        },
        "minimatch": {
          "version": "3.0.4",
          "resolved": "https://registry.npmjs.org/minimatch/-/minimatch-3.0.4.tgz",
          "integrity": "sha512-yJHVQEhyqPLUTgt9B83PXu6W3rx4MvvHvSUvToogpwoGDOUQ+yDrR0HRot+yOCdCO7u4hX3pWft6kWBBcqh0UA==",
          "requires": {
            "brace-expansion": "1.1.11"
          }
        },
        "minimist": {
          "version": "0.0.8",
          "resolved": "https://registry.npmjs.org/minimist/-/minimist-0.0.8.tgz",
          "integrity": "sha1-hX/Kv8M5fSYluCKCYuhqp6ARsF0="
        },
        "mkdirp": {
          "version": "0.5.1",
          "resolved": "https://registry.npmjs.org/mkdirp/-/mkdirp-0.5.1.tgz",
          "integrity": "sha1-MAV0OOrGz3+MR2fzhkjWaX11yQM=",
          "requires": {
            "minimist": "0.0.8"
          }
        },
        "object-assign": {
          "version": "4.1.1",
          "resolved": "https://registry.npmjs.org/object-assign/-/object-assign-4.1.1.tgz",
          "integrity": "sha1-IQmtx5ZYh8/AXLvUQsrIv7s2CGM="
        },
        "path-is-absolute": {
          "version": "1.0.1",
          "resolved": "https://registry.npmjs.org/path-is-absolute/-/path-is-absolute-1.0.1.tgz",
          "integrity": "sha1-F0uSaHNVNP+8es5r9TpanhtcX18="
        },
        "path-is-inside": {
          "version": "1.0.2",
          "resolved": "https://registry.npmjs.org/path-is-inside/-/path-is-inside-1.0.2.tgz",
          "integrity": "sha1-NlQX3t5EQw0cEa9hAn+s8HS9/FM="
        },
        "pify": {
          "version": "2.3.0",
          "resolved": "https://registry.npmjs.org/pify/-/pify-2.3.0.tgz",
          "integrity": "sha1-7RQaasBDqEnqWISY59yosVMw6Qw="
        },
        "pinkie": {
          "version": "2.0.4",
          "resolved": "https://registry.npmjs.org/pinkie/-/pinkie-2.0.4.tgz",
          "integrity": "sha1-clVrgM+g1IqXToDnckjoDtT3+HA="
        },
        "pinkie-promise": {
          "version": "2.0.1",
          "resolved": "https://registry.npmjs.org/pinkie-promise/-/pinkie-promise-2.0.1.tgz",
          "integrity": "sha1-ITXW36ejWMBprJsXh3YogihFD/o=",
          "requires": {
            "pinkie": "2.0.4"
          }
        },
        "promise": {
          "version": "7.3.1",
          "resolved": "https://registry.npmjs.org/promise/-/promise-7.3.1.tgz",
          "integrity": "sha512-nolQXZ/4L+bP/UGlkfaIujX9BKxGwmQ9OT4mOt5yvy8iK1h3wqTEJCijzGANTCCl9nWjY41juyAn2K3Q1hLLTg==",
          "requires": {
            "asap": "2.0.6"
          }
        },
        "prr": {
          "version": "1.0.1",
          "resolved": "https://registry.npmjs.org/prr/-/prr-1.0.1.tgz",
          "integrity": "sha1-0/wRS6BplaRexok/SEzrHXj19HY="
        },
        "rimraf": {
          "version": "2.6.2",
          "resolved": "https://registry.npmjs.org/rimraf/-/rimraf-2.6.2.tgz",
          "integrity": "sha512-lreewLK/BlghmxtfH36YYVg1i8IAce4TI7oao75I1g245+6BctqTVQiBP3YUJ9C6DQOXJmkYR9X9fCLtCOJc5w==",
          "requires": {
            "glob": "7.1.2"
          }
        },
        "slash": {
          "version": "1.0.0",
          "resolved": "https://registry.npmjs.org/slash/-/slash-1.0.0.tgz",
          "integrity": "sha1-xB8vbDn8FtHNF61LXYlhFK5HDVU="
        },
        "wrappy": {
          "version": "1.0.2",
          "resolved": "https://registry.npmjs.org/wrappy/-/wrappy-1.0.2.tgz",
          "integrity": "sha1-tSQ9jz7BqjXxNkYFvA0QNuMKtp8="
        }
      }
    },
    "split": {
      "version": "1.0.1",
      "resolved": "https://registry.npmjs.org/split/-/split-1.0.1.tgz",
      "integrity": "sha512-mTyOoPbrivtXnwnIxZRFYRrPNtEFKlpB2fvjSnCQUiAA6qAZzqwna5envK4uk6OIeP17CsdF3rSBGYVBsU0Tkg==",
      "requires": {
        "through": "2.3.8"
      }
    },
    "stream-snitch": {
      "version": "0.0.3",
      "resolved": "https://registry.npmjs.org/stream-snitch/-/stream-snitch-0.0.3.tgz",
      "integrity": "sha1-iXp48TonFPqESqd74VR3qJbYUqk="
    },
    "through": {
      "version": "2.3.8",
      "resolved": "https://registry.npmjs.org/through/-/through-2.3.8.tgz",
      "integrity": "sha1-DdTJ/6q8NXlgsbckEV1+Doai4fU="
    },
    "wait-on": {
      "version": "2.1.0",
      "resolved": "https://registry.npmjs.org/wait-on/-/wait-on-2.1.0.tgz",
      "integrity": "sha512-hDwJ674+7dfiiK/cxtYCwPxlnjXDjto/pCz1PF02sXUhqCqCWsgvxZln0699PReWqXXgkxqkF6DDo5Rj9sjNvw==",
      "requires": {
        "core-js": "2.5.3",
        "joi": "9.2.0",
        "minimist": "1.2.0",
        "request": "2.83.0",
        "rx": "4.1.0"
      },
      "dependencies": {
        "ajv": {
          "version": "5.5.2",
          "resolved": "https://registry.npmjs.org/ajv/-/ajv-5.5.2.tgz",
          "integrity": "sha1-c7Xuyj+rZT49P5Qis0GtQiBdyWU=",
          "requires": {
            "co": "4.6.0",
            "fast-deep-equal": "1.1.0",
            "fast-json-stable-stringify": "2.0.0",
            "json-schema-traverse": "0.3.1"
          }
        },
        "asn1": {
          "version": "0.2.3",
          "resolved": "https://registry.npmjs.org/asn1/-/asn1-0.2.3.tgz",
          "integrity": "sha1-2sh4dxPJlmhJ/IGAd36+nB3fO4Y="
        },
        "assert-plus": {
          "version": "1.0.0",
          "resolved": "https://registry.npmjs.org/assert-plus/-/assert-plus-1.0.0.tgz",
          "integrity": "sha1-8S4PPF13sLHN2RRpQuTpbB5N1SU="
        },
        "asynckit": {
          "version": "0.4.0",
          "resolved": "https://registry.npmjs.org/asynckit/-/asynckit-0.4.0.tgz",
          "integrity": "sha1-x57Zf380y48robyXkLzDZkdLS3k="
        },
        "aws-sign2": {
          "version": "0.7.0",
          "resolved": "https://registry.npmjs.org/aws-sign2/-/aws-sign2-0.7.0.tgz",
          "integrity": "sha1-tG6JCTSpWR8tL2+G1+ap8bP+dqg="
        },
        "aws4": {
          "version": "1.6.0",
          "resolved": "https://registry.npmjs.org/aws4/-/aws4-1.6.0.tgz",
          "integrity": "sha1-g+9cqGCysy5KDe7e6MdxudtXRx4="
        },
        "bcrypt-pbkdf": {
          "version": "1.0.1",
          "resolved": "https://registry.npmjs.org/bcrypt-pbkdf/-/bcrypt-pbkdf-1.0.1.tgz",
          "integrity": "sha1-Y7xdy2EzG5K8Bf1SiVPDNGKgb40=",
          "optional": true,
          "requires": {
            "tweetnacl": "0.14.5"
          }
        },
        "boom": {
          "version": "4.3.1",
          "resolved": "https://registry.npmjs.org/boom/-/boom-4.3.1.tgz",
          "integrity": "sha1-T4owBctKfjiJ90kDD9JbluAdLjE=",
          "requires": {
            "hoek": "4.2.1"
          }
        },
        "caseless": {
          "version": "0.12.0",
          "resolved": "https://registry.npmjs.org/caseless/-/caseless-0.12.0.tgz",
          "integrity": "sha1-G2gcIf+EAzyCZUMJBolCDRhxUdw="
        },
        "co": {
          "version": "4.6.0",
          "resolved": "https://registry.npmjs.org/co/-/co-4.6.0.tgz",
          "integrity": "sha1-bqa989hTrlTMuOR7+gvz+QMfsYQ="
        },
        "combined-stream": {
          "version": "1.0.6",
          "resolved": "https://registry.npmjs.org/combined-stream/-/combined-stream-1.0.6.tgz",
          "integrity": "sha1-cj599ugBrFYTETp+RFqbactjKBg=",
          "requires": {
            "delayed-stream": "1.0.0"
          }
        },
        "core-js": {
          "version": "2.5.3",
          "resolved": "https://registry.npmjs.org/core-js/-/core-js-2.5.3.tgz",
          "integrity": "sha1-isw4NFgk8W2DZbfJtCWRaOjtYD4="
        },
        "core-util-is": {
          "version": "1.0.2",
          "resolved": "https://registry.npmjs.org/core-util-is/-/core-util-is-1.0.2.tgz",
          "integrity": "sha1-tf1UIgqivFq1eqtxQMlAdUUDwac="
        },
        "cryptiles": {
          "version": "3.1.2",
          "resolved": "https://registry.npmjs.org/cryptiles/-/cryptiles-3.1.2.tgz",
          "integrity": "sha1-qJ+7Ig9c4l7FboxKqKT9e1sNKf4=",
          "requires": {
            "boom": "5.2.0"
          },
          "dependencies": {
            "boom": {
              "version": "5.2.0",
              "resolved": "https://registry.npmjs.org/boom/-/boom-5.2.0.tgz",
              "integrity": "sha512-Z5BTk6ZRe4tXXQlkqftmsAUANpXmuwlsF5Oov8ThoMbQRzdGTA1ngYRW160GexgOgjsFOKJz0LYhoNi+2AMBUw==",
              "requires": {
                "hoek": "4.2.1"
              }
            }
          }
        },
        "dashdash": {
          "version": "1.14.1",
          "resolved": "https://registry.npmjs.org/dashdash/-/dashdash-1.14.1.tgz",
          "integrity": "sha1-hTz6D3y+L+1d4gMmuN1YEDX24vA=",
          "requires": {
            "assert-plus": "1.0.0"
          }
        },
        "delayed-stream": {
          "version": "1.0.0",
          "resolved": "https://registry.npmjs.org/delayed-stream/-/delayed-stream-1.0.0.tgz",
          "integrity": "sha1-3zrhmayt+31ECqrgsp4icrJOxhk="
        },
        "ecc-jsbn": {
          "version": "0.1.1",
          "resolved": "https://registry.npmjs.org/ecc-jsbn/-/ecc-jsbn-0.1.1.tgz",
          "integrity": "sha1-D8c6ntXw1Tw4GTOYUj735UN3dQU=",
          "optional": true,
          "requires": {
            "jsbn": "0.1.1"
          }
        },
        "extend": {
          "version": "3.0.1",
          "resolved": "https://registry.npmjs.org/extend/-/extend-3.0.1.tgz",
          "integrity": "sha1-p1Xqe8Gt/MWjHOfnYtuq3F5jZEQ="
        },
        "extsprintf": {
          "version": "1.3.0",
          "resolved": "https://registry.npmjs.org/extsprintf/-/extsprintf-1.3.0.tgz",
          "integrity": "sha1-lpGEQOMEGnpBT4xS48V06zw+HgU="
        },
        "fast-deep-equal": {
          "version": "1.1.0",
          "resolved": "https://registry.npmjs.org/fast-deep-equal/-/fast-deep-equal-1.1.0.tgz",
          "integrity": "sha1-wFNHeBfIa1HaqFPIHgWbcz0CNhQ="
        },
        "fast-json-stable-stringify": {
          "version": "2.0.0",
          "resolved": "https://registry.npmjs.org/fast-json-stable-stringify/-/fast-json-stable-stringify-2.0.0.tgz",
          "integrity": "sha1-1RQsDK7msRifh9OnYREGT4bIu/I="
        },
        "forever-agent": {
          "version": "0.6.1",
          "resolved": "https://registry.npmjs.org/forever-agent/-/forever-agent-0.6.1.tgz",
          "integrity": "sha1-+8cfDEGt6zf5bFd60e1C2P2sypE="
        },
        "form-data": {
          "version": "2.3.2",
          "resolved": "https://registry.npmjs.org/form-data/-/form-data-2.3.2.tgz",
          "integrity": "sha1-SXBJi+YEwgwAXU9cI67NIda0kJk=",
          "requires": {
            "asynckit": "0.4.0",
            "combined-stream": "1.0.6",
            "mime-types": "2.1.18"
          }
        },
        "getpass": {
          "version": "0.1.7",
          "resolved": "https://registry.npmjs.org/getpass/-/getpass-0.1.7.tgz",
          "integrity": "sha1-Xv+OPmhNVprkyysSgmBOi6YhSfo=",
          "requires": {
            "assert-plus": "1.0.0"
          }
        },
        "har-schema": {
          "version": "2.0.0",
          "resolved": "https://registry.npmjs.org/har-schema/-/har-schema-2.0.0.tgz",
          "integrity": "sha1-qUwiJOvKwEeCoNkDVSHyRzW37JI="
        },
        "har-validator": {
          "version": "5.0.3",
          "resolved": "https://registry.npmjs.org/har-validator/-/har-validator-5.0.3.tgz",
          "integrity": "sha1-ukAsJmGU8VlW7xXg/PJCmT9qff0=",
          "requires": {
            "ajv": "5.5.2",
            "har-schema": "2.0.0"
          }
        },
        "hawk": {
          "version": "6.0.2",
          "resolved": "https://registry.npmjs.org/hawk/-/hawk-6.0.2.tgz",
          "integrity": "sha512-miowhl2+U7Qle4vdLqDdPt9m09K6yZhkLDTWGoUiUzrQCn+mHHSmfJgAyGaLRZbPmTqfFFjRV1QWCW0VWUJBbQ==",
          "requires": {
            "boom": "4.3.1",
            "cryptiles": "3.1.2",
            "hoek": "4.2.1",
            "sntp": "2.1.0"
          }
        },
        "hoek": {
          "version": "4.2.1",
          "resolved": "https://registry.npmjs.org/hoek/-/hoek-4.2.1.tgz",
          "integrity": "sha512-QLg82fGkfnJ/4iy1xZ81/9SIJiq1NGFUMGs6ParyjBZr6jW2Ufj/snDqTHixNlHdPNwN2RLVD0Pi3igeK9+JfA=="
        },
        "http-signature": {
          "version": "1.2.0",
          "resolved": "https://registry.npmjs.org/http-signature/-/http-signature-1.2.0.tgz",
          "integrity": "sha1-muzZJRFHcvPZW2WmCruPfBj7rOE=",
          "requires": {
            "assert-plus": "1.0.0",
            "jsprim": "1.4.1",
            "sshpk": "1.13.1"
          }
        },
        "is-typedarray": {
          "version": "1.0.0",
          "resolved": "https://registry.npmjs.org/is-typedarray/-/is-typedarray-1.0.0.tgz",
          "integrity": "sha1-5HnICFjfDBsR3dppQPlgEfzaSpo="
        },
        "isemail": {
          "version": "2.2.1",
          "resolved": "https://registry.npmjs.org/isemail/-/isemail-2.2.1.tgz",
          "integrity": "sha1-A1PT2aYpUQgMJiwqoKQrjqjp4qY="
        },
        "isstream": {
          "version": "0.1.2",
          "resolved": "https://registry.npmjs.org/isstream/-/isstream-0.1.2.tgz",
          "integrity": "sha1-R+Y/evVa+m+S4VAOaQ64uFKcCZo="
        },
        "items": {
          "version": "2.1.1",
          "resolved": "https://registry.npmjs.org/items/-/items-2.1.1.tgz",
          "integrity": "sha1-i9FtnIOxlSneWuoyGsqtp4NkoZg="
        },
        "joi": {
          "version": "9.2.0",
          "resolved": "https://registry.npmjs.org/joi/-/joi-9.2.0.tgz",
          "integrity": "sha1-M4WseQGSEwy+Iw6ALsAskhW7/to=",
          "requires": {
            "hoek": "4.2.1",
            "isemail": "2.2.1",
            "items": "2.1.1",
            "moment": "2.21.0",
            "topo": "2.0.2"
          }
        },
        "jsbn": {
          "version": "0.1.1",
          "resolved": "https://registry.npmjs.org/jsbn/-/jsbn-0.1.1.tgz",
          "integrity": "sha1-peZUwuWi3rXyAdls77yoDA7y9RM=",
          "optional": true
        },
        "json-schema": {
          "version": "0.2.3",
          "resolved": "https://registry.npmjs.org/json-schema/-/json-schema-0.2.3.tgz",
          "integrity": "sha1-tIDIkuWaLwWVTOcnvT8qTogvnhM="
        },
        "json-schema-traverse": {
          "version": "0.3.1",
          "resolved": "https://registry.npmjs.org/json-schema-traverse/-/json-schema-traverse-0.3.1.tgz",
          "integrity": "sha1-NJptRMU6Ud6JtAgFxdXlm0F9M0A="
        },
        "json-stringify-safe": {
          "version": "5.0.1",
          "resolved": "https://registry.npmjs.org/json-stringify-safe/-/json-stringify-safe-5.0.1.tgz",
          "integrity": "sha1-Epai1Y/UXxmg9s4B1lcB4sc1tus="
        },
        "jsprim": {
          "version": "1.4.1",
          "resolved": "https://registry.npmjs.org/jsprim/-/jsprim-1.4.1.tgz",
          "integrity": "sha1-MT5mvB5cwG5Di8G3SZwuXFastqI=",
          "requires": {
            "assert-plus": "1.0.0",
            "extsprintf": "1.3.0",
            "json-schema": "0.2.3",
            "verror": "1.10.0"
          }
        },
        "mime-db": {
          "version": "1.33.0",
          "resolved": "https://registry.npmjs.org/mime-db/-/mime-db-1.33.0.tgz",
          "integrity": "sha512-BHJ/EKruNIqJf/QahvxwQZXKygOQ256myeN/Ew+THcAa5q+PjyTTMMeNQC4DZw5AwfvelsUrA6B67NKMqXDbzQ=="
        },
        "mime-types": {
          "version": "2.1.18",
          "resolved": "https://registry.npmjs.org/mime-types/-/mime-types-2.1.18.tgz",
          "integrity": "sha512-lc/aahn+t4/SWV/qcmumYjymLsWfN3ELhpmVuUFjgsORruuZPVSwAQryq+HHGvO/SI2KVX26bx+En+zhM8g8hQ==",
          "requires": {
            "mime-db": "1.33.0"
          }
        },
        "minimist": {
          "version": "1.2.0",
          "resolved": "https://registry.npmjs.org/minimist/-/minimist-1.2.0.tgz",
          "integrity": "sha1-o1AIsg9BOD7sH7kU9M1d95omQoQ="
        },
        "moment": {
          "version": "2.21.0",
          "resolved": "https://registry.npmjs.org/moment/-/moment-2.21.0.tgz",
          "integrity": "sha512-TCZ36BjURTeFTM/CwRcViQlfkMvL1/vFISuNLO5GkcVm1+QHfbSiNqZuWeMFjj1/3+uAjXswgRk30j1kkLYJBQ=="
        },
        "oauth-sign": {
          "version": "0.8.2",
          "resolved": "https://registry.npmjs.org/oauth-sign/-/oauth-sign-0.8.2.tgz",
          "integrity": "sha1-Rqarfwrq2N6unsBWV4C31O/rnUM="
        },
        "performance-now": {
          "version": "2.1.0",
          "resolved": "https://registry.npmjs.org/performance-now/-/performance-now-2.1.0.tgz",
          "integrity": "sha1-Ywn04OX6kT7BxpMHrjZLSzd8nns="
        },
        "punycode": {
          "version": "1.4.1",
          "resolved": "https://registry.npmjs.org/punycode/-/punycode-1.4.1.tgz",
          "integrity": "sha1-wNWmOycYgArY4esPpSachN1BhF4="
        },
        "qs": {
          "version": "6.5.1",
          "resolved": "https://registry.npmjs.org/qs/-/qs-6.5.1.tgz",
          "integrity": "sha512-eRzhrN1WSINYCDCbrz796z37LOe3m5tmW7RQf6oBntukAG1nmovJvhnwHHRMAfeoItc1m2Hk02WER2aQ/iqs+A=="
        },
        "request": {
          "version": "2.83.0",
          "resolved": "https://registry.npmjs.org/request/-/request-2.83.0.tgz",
          "integrity": "sha512-lR3gD69osqm6EYLk9wB/G1W/laGWjzH90t1vEa2xuxHD5KUrSzp9pUSfTm+YC5Nxt2T8nMPEvKlhbQayU7bgFw==",
          "requires": {
            "aws-sign2": "0.7.0",
            "aws4": "1.6.0",
            "caseless": "0.12.0",
            "combined-stream": "1.0.6",
            "extend": "3.0.1",
            "forever-agent": "0.6.1",
            "form-data": "2.3.2",
            "har-validator": "5.0.3",
            "hawk": "6.0.2",
            "http-signature": "1.2.0",
            "is-typedarray": "1.0.0",
            "isstream": "0.1.2",
            "json-stringify-safe": "5.0.1",
            "mime-types": "2.1.18",
            "oauth-sign": "0.8.2",
            "performance-now": "2.1.0",
            "qs": "6.5.1",
            "safe-buffer": "5.1.1",
            "stringstream": "0.0.5",
            "tough-cookie": "2.3.4",
            "tunnel-agent": "0.6.0",
            "uuid": "3.2.1"
          }
        },
        "rx": {
          "version": "4.1.0",
          "resolved": "https://registry.npmjs.org/rx/-/rx-4.1.0.tgz",
          "integrity": "sha1-pfE/957zt0D+MKqAP7CfmIBdR4I="
        },
        "safe-buffer": {
          "version": "5.1.1",
          "resolved": "https://registry.npmjs.org/safe-buffer/-/safe-buffer-5.1.1.tgz",
          "integrity": "sha512-kKvNJn6Mm93gAczWVJg7wH+wGYWNrDHdWvpUmHyEsgCtIwwo3bqPtV4tR5tuPaUhTOo/kvhVwd8XwwOllGYkbg=="
        },
        "sntp": {
          "version": "2.1.0",
          "resolved": "https://registry.npmjs.org/sntp/-/sntp-2.1.0.tgz",
          "integrity": "sha512-FL1b58BDrqS3A11lJ0zEdnJ3UOKqVxawAkF3k7F0CVN7VQ34aZrV+G8BZ1WC9ZL7NyrwsW0oviwsWDgRuVYtJg==",
          "requires": {
            "hoek": "4.2.1"
          }
        },
        "sshpk": {
          "version": "1.13.1",
          "resolved": "https://registry.npmjs.org/sshpk/-/sshpk-1.13.1.tgz",
          "integrity": "sha1-US322mKHFEMW3EwY/hzx2UBzm+M=",
          "requires": {
            "asn1": "0.2.3",
            "assert-plus": "1.0.0",
            "bcrypt-pbkdf": "1.0.1",
            "dashdash": "1.14.1",
            "ecc-jsbn": "0.1.1",
            "getpass": "0.1.7",
            "jsbn": "0.1.1",
            "tweetnacl": "0.14.5"
          }
        },
        "stringstream": {
          "version": "0.0.5",
          "resolved": "https://registry.npmjs.org/stringstream/-/stringstream-0.0.5.tgz",
          "integrity": "sha1-TkhM1N5aC7vuGORjB3EKioFiGHg="
        },
        "topo": {
          "version": "2.0.2",
          "resolved": "https://registry.npmjs.org/topo/-/topo-2.0.2.tgz",
          "integrity": "sha1-zVYVdSU5BXwNwEkaYhw7xvvh0YI=",
          "requires": {
            "hoek": "4.2.1"
          }
        },
        "tough-cookie": {
          "version": "2.3.4",
          "resolved": "https://registry.npmjs.org/tough-cookie/-/tough-cookie-2.3.4.tgz",
          "integrity": "sha512-TZ6TTfI5NtZnuyy/Kecv+CnoROnyXn2DN97LontgQpCwsX2XyLYCC0ENhYkehSOwAp8rTQKc/NUIF7BkQ5rKLA==",
          "requires": {
            "punycode": "1.4.1"
          }
        },
        "tunnel-agent": {
          "version": "0.6.0",
          "resolved": "https://registry.npmjs.org/tunnel-agent/-/tunnel-agent-0.6.0.tgz",
          "integrity": "sha1-J6XeoGs2sEoKmWZ3SykIaPD8QP0=",
          "requires": {
            "safe-buffer": "5.1.1"
          }
        },
        "tweetnacl": {
          "version": "0.14.5",
          "resolved": "https://registry.npmjs.org/tweetnacl/-/tweetnacl-0.14.5.tgz",
          "integrity": "sha1-WuaBd/GS1EViadEIr6k/+HQ/T2Q=",
          "optional": true
        },
        "uuid": {
          "version": "3.2.1",
          "resolved": "https://registry.npmjs.org/uuid/-/uuid-3.2.1.tgz",
          "integrity": "sha512-jZnMwlb9Iku/O3smGWvZhauCf6cvvpKi4BKRiliS3cxnI+Gz9j5MEpTz2UFuXiKPJocb7gnsLHwiS05ige5BEA=="
        },
        "verror": {
          "version": "1.10.0",
          "resolved": "https://registry.npmjs.org/verror/-/verror-1.10.0.tgz",
          "integrity": "sha1-OhBcoXBTr1XW4nDB+CiGguGNpAA=",
          "requires": {
            "assert-plus": "1.0.0",
            "core-util-is": "1.0.2",
            "extsprintf": "1.3.0"
          }
        }
      }
    },
    "wrappy": {
      "version": "https://registry.npmjs.org/wrappy/-/wrappy-1.0.2.tgz",
      "integrity": "sha1-tSQ9jz7BqjXxNkYFvA0QNuMKtp8="
    }
  }
}
